// !$*UTF8*$!
{
	archiveVersion = 1;
	classes = {
	};
	objectVersion = 56;
	objects = {

/* Begin PBXBuildFile section */
		1E8824F829A6F39800E4374F /* AppDelegate.swift in Sources */ = {isa = PBXBuildFile; fileRef = 1E8824F729A6F39800E4374F /* AppDelegate.swift */; };
		1E8824FA29A6F39800E4374F /* SceneDelegate.swift in Sources */ = {isa = PBXBuildFile; fileRef = 1E8824F929A6F39800E4374F /* SceneDelegate.swift */; };
		1E8824FC29A6F39800E4374F /* ViewController.swift in Sources */ = {isa = PBXBuildFile; fileRef = 1E8824FB29A6F39800E4374F /* ViewController.swift */; };
		1E8824FF29A6F39800E4374F /* Main.storyboard in Resources */ = {isa = PBXBuildFile; fileRef = 1E8824FD29A6F39800E4374F /* Main.storyboard */; };
		1E88250229A6F39800E4374F /* wanted.xcdatamodeld in Sources */ = {isa = PBXBuildFile; fileRef = 1E88250029A6F39800E4374F /* wanted.xcdatamodeld */; };
		1E88250429A6F39B00E4374F /* Assets.xcassets in Resources */ = {isa = PBXBuildFile; fileRef = 1E88250329A6F39B00E4374F /* Assets.xcassets */; };
		1E88250729A6F39B00E4374F /* LaunchScreen.storyboard in Resources */ = {isa = PBXBuildFile; fileRef = 1E88250529A6F39B00E4374F /* LaunchScreen.storyboard */; };
		1E88251229A6F39B00E4374F /* wantedTests.swift in Sources */ = {isa = PBXBuildFile; fileRef = 1E88251129A6F39B00E4374F /* wantedTests.swift */; };
		1E88251C29A6F39B00E4374F /* wantedUITests.swift in Sources */ = {isa = PBXBuildFile; fileRef = 1E88251B29A6F39B00E4374F /* wantedUITests.swift */; };
		1E88251E29A6F39B00E4374F /* wantedUITestsLaunchTests.swift in Sources */ = {isa = PBXBuildFile; fileRef = 1E88251D29A6F39B00E4374F /* wantedUITestsLaunchTests.swift */; };
		1E88252B29A6F99F00E4374F /* Component.swift in Sources */ = {isa = PBXBuildFile; fileRef = 1E88252A29A6F99F00E4374F /* Component.swift */; };
		1E88252D29A749B400E4374F /* LoadButton.swift in Sources */ = {isa = PBXBuildFile; fileRef = 1E88252C29A749B400E4374F /* LoadButton.swift */; };
/* End PBXBuildFile section */

/* Begin PBXContainerItemProxy section */
		1E88250E29A6F39B00E4374F /* PBXContainerItemProxy */ = {
			isa = PBXContainerItemProxy;
			containerPortal = 1E8824EC29A6F39800E4374F /* Project object */;
			proxyType = 1;
			remoteGlobalIDString = 1E8824F329A6F39800E4374F;
			remoteInfo = wanted;
		};
		1E88251829A6F39B00E4374F /* PBXContainerItemProxy */ = {
			isa = PBXContainerItemProxy;
			containerPortal = 1E8824EC29A6F39800E4374F /* Project object */;
			proxyType = 1;
			remoteGlobalIDString = 1E8824F329A6F39800E4374F;
			remoteInfo = wanted;
		};
/* End PBXContainerItemProxy section */

/* Begin PBXFileReference section */
		1E8824F429A6F39800E4374F /* wanted.app */ = {isa = PBXFileReference; explicitFileType = wrapper.application; includeInIndex = 0; path = wanted.app; sourceTree = BUILT_PRODUCTS_DIR; };
		1E8824F729A6F39800E4374F /* AppDelegate.swift */ = {isa = PBXFileReference; lastKnownFileType = sourcecode.swift; path = AppDelegate.swift; sourceTree = "<group>"; };
		1E8824F929A6F39800E4374F /* SceneDelegate.swift */ = {isa = PBXFileReference; lastKnownFileType = sourcecode.swift; path = SceneDelegate.swift; sourceTree = "<group>"; };
		1E8824FB29A6F39800E4374F /* ViewController.swift */ = {isa = PBXFileReference; lastKnownFileType = sourcecode.swift; path = ViewController.swift; sourceTree = "<group>"; };
		1E8824FE29A6F39800E4374F /* Base */ = {isa = PBXFileReference; lastKnownFileType = file.storyboard; name = Base; path = Base.lproj/Main.storyboard; sourceTree = "<group>"; };
		1E88250129A6F39800E4374F /* wanted.xcdatamodel */ = {isa = PBXFileReference; lastKnownFileType = wrapper.xcdatamodel; path = wanted.xcdatamodel; sourceTree = "<group>"; };
		1E88250329A6F39B00E4374F /* Assets.xcassets */ = {isa = PBXFileReference; lastKnownFileType = folder.assetcatalog; path = Assets.xcassets; sourceTree = "<group>"; };
		1E88250629A6F39B00E4374F /* Base */ = {isa = PBXFileReference; lastKnownFileType = file.storyboard; name = Base; path = Base.lproj/LaunchScreen.storyboard; sourceTree = "<group>"; };
		1E88250829A6F39B00E4374F /* Info.plist */ = {isa = PBXFileReference; lastKnownFileType = text.plist.xml; path = Info.plist; sourceTree = "<group>"; };
		1E88250D29A6F39B00E4374F /* wantedTests.xctest */ = {isa = PBXFileReference; explicitFileType = wrapper.cfbundle; includeInIndex = 0; path = wantedTests.xctest; sourceTree = BUILT_PRODUCTS_DIR; };
		1E88251129A6F39B00E4374F /* wantedTests.swift */ = {isa = PBXFileReference; lastKnownFileType = sourcecode.swift; path = wantedTests.swift; sourceTree = "<group>"; };
		1E88251729A6F39B00E4374F /* wantedUITests.xctest */ = {isa = PBXFileReference; explicitFileType = wrapper.cfbundle; includeInIndex = 0; path = wantedUITests.xctest; sourceTree = BUILT_PRODUCTS_DIR; };
		1E88251B29A6F39B00E4374F /* wantedUITests.swift */ = {isa = PBXFileReference; lastKnownFileType = sourcecode.swift; path = wantedUITests.swift; sourceTree = "<group>"; };
		1E88251D29A6F39B00E4374F /* wantedUITestsLaunchTests.swift */ = {isa = PBXFileReference; lastKnownFileType = sourcecode.swift; path = wantedUITestsLaunchTests.swift; sourceTree = "<group>"; };
		1E88252A29A6F99F00E4374F /* Component.swift */ = {isa = PBXFileReference; lastKnownFileType = sourcecode.swift; path = Component.swift; sourceTree = "<group>"; };
		1E88252C29A749B400E4374F /* LoadButton.swift */ = {isa = PBXFileReference; lastKnownFileType = sourcecode.swift; path = LoadButton.swift; sourceTree = "<group>"; };
/* End PBXFileReference section */

/* Begin PBXFrameworksBuildPhase section */
		1E8824F129A6F39800E4374F /* Frameworks */ = {
			isa = PBXFrameworksBuildPhase;
			buildActionMask = 2147483647;
			files = (
			);
			runOnlyForDeploymentPostprocessing = 0;
		};
		1E88250A29A6F39B00E4374F /* Frameworks */ = {
			isa = PBXFrameworksBuildPhase;
			buildActionMask = 2147483647;
			files = (
			);
			runOnlyForDeploymentPostprocessing = 0;
		};
		1E88251429A6F39B00E4374F /* Frameworks */ = {
			isa = PBXFrameworksBuildPhase;
			buildActionMask = 2147483647;
			files = (
			);
			runOnlyForDeploymentPostprocessing = 0;
		};
/* End PBXFrameworksBuildPhase section */

/* Begin PBXGroup section */
		1E8824EB29A6F39800E4374F = {
			isa = PBXGroup;
			children = (
				1E8824F629A6F39800E4374F /* wanted */,
				1E88251029A6F39B00E4374F /* wantedTests */,
				1E88251A29A6F39B00E4374F /* wantedUITests */,
				1E8824F529A6F39800E4374F /* Products */,
			);
			sourceTree = "<group>";
		};
		1E8824F529A6F39800E4374F /* Products */ = {
			isa = PBXGroup;
			children = (
				1E8824F429A6F39800E4374F /* wanted.app */,
				1E88250D29A6F39B00E4374F /* wantedTests.xctest */,
				1E88251729A6F39B00E4374F /* wantedUITests.xctest */,
			);
			name = Products;
			sourceTree = "<group>";
		};
		1E8824F629A6F39800E4374F /* wanted */ = {
			isa = PBXGroup;
			children = (
				1E8824F729A6F39800E4374F /* AppDelegate.swift */,
				1E8824F929A6F39800E4374F /* SceneDelegate.swift */,
				1E8824FB29A6F39800E4374F /* ViewController.swift */,
				1E8824FD29A6F39800E4374F /* Main.storyboard */,
				1E88252A29A6F99F00E4374F /* Component.swift */,
				1E88252C29A749B400E4374F /* LoadButton.swift */,
				1E88250329A6F39B00E4374F /* Assets.xcassets */,
				1E88250529A6F39B00E4374F /* LaunchScreen.storyboard */,
				1E88250829A6F39B00E4374F /* Info.plist */,
				1E88250029A6F39800E4374F /* wanted.xcdatamodeld */,
			);
			path = wanted;
			sourceTree = "<group>";
		};
		1E88251029A6F39B00E4374F /* wantedTests */ = {
			isa = PBXGroup;
			children = (
				1E88251129A6F39B00E4374F /* wantedTests.swift */,
			);
			path = wantedTests;
			sourceTree = "<group>";
		};
		1E88251A29A6F39B00E4374F /* wantedUITests */ = {
			isa = PBXGroup;
			children = (
				1E88251B29A6F39B00E4374F /* wantedUITests.swift */,
				1E88251D29A6F39B00E4374F /* wantedUITestsLaunchTests.swift */,
			);
			path = wantedUITests;
			sourceTree = "<group>";
		};
/* End PBXGroup section */

/* Begin PBXNativeTarget section */
		1E8824F329A6F39800E4374F /* wanted */ = {
			isa = PBXNativeTarget;
			buildConfigurationList = 1E88252129A6F39B00E4374F /* Build configuration list for PBXNativeTarget "wanted" */;
			buildPhases = (
				1E8824F029A6F39800E4374F /* Sources */,
				1E8824F129A6F39800E4374F /* Frameworks */,
				1E8824F229A6F39800E4374F /* Resources */,
			);
			buildRules = (
			);
			dependencies = (
			);
			name = wanted;
			productName = wanted;
			productReference = 1E8824F429A6F39800E4374F /* wanted.app */;
			productType = "com.apple.product-type.application";
		};
		1E88250C29A6F39B00E4374F /* wantedTests */ = {
			isa = PBXNativeTarget;
			buildConfigurationList = 1E88252429A6F39B00E4374F /* Build configuration list for PBXNativeTarget "wantedTests" */;
			buildPhases = (
				1E88250929A6F39B00E4374F /* Sources */,
				1E88250A29A6F39B00E4374F /* Frameworks */,
				1E88250B29A6F39B00E4374F /* Resources */,
			);
			buildRules = (
			);
			dependencies = (
				1E88250F29A6F39B00E4374F /* PBXTargetDependency */,
			);
			name = wantedTests;
			productName = wantedTests;
			productReference = 1E88250D29A6F39B00E4374F /* wantedTests.xctest */;
			productType = "com.apple.product-type.bundle.unit-test";
		};
		1E88251629A6F39B00E4374F /* wantedUITests */ = {
			isa = PBXNativeTarget;
			buildConfigurationList = 1E88252729A6F39B00E4374F /* Build configuration list for PBXNativeTarget "wantedUITests" */;
			buildPhases = (
				1E88251329A6F39B00E4374F /* Sources */,
				1E88251429A6F39B00E4374F /* Frameworks */,
				1E88251529A6F39B00E4374F /* Resources */,
			);
			buildRules = (
			);
			dependencies = (
				1E88251929A6F39B00E4374F /* PBXTargetDependency */,
			);
			name = wantedUITests;
			productName = wantedUITests;
			productReference = 1E88251729A6F39B00E4374F /* wantedUITests.xctest */;
			productType = "com.apple.product-type.bundle.ui-testing";
		};
/* End PBXNativeTarget section */

/* Begin PBXProject section */
		1E8824EC29A6F39800E4374F /* Project object */ = {
			isa = PBXProject;
			attributes = {
				BuildIndependentTargetsInParallel = 1;
				LastSwiftUpdateCheck = 1420;
				LastUpgradeCheck = 1420;
				TargetAttributes = {
					1E8824F329A6F39800E4374F = {
						CreatedOnToolsVersion = 14.2;
					};
					1E88250C29A6F39B00E4374F = {
						CreatedOnToolsVersion = 14.2;
						TestTargetID = 1E8824F329A6F39800E4374F;
					};
					1E88251629A6F39B00E4374F = {
						CreatedOnToolsVersion = 14.2;
						TestTargetID = 1E8824F329A6F39800E4374F;
					};
				};
			};
			buildConfigurationList = 1E8824EF29A6F39800E4374F /* Build configuration list for PBXProject "wanted" */;
			compatibilityVersion = "Xcode 14.0";
			developmentRegion = en;
			hasScannedForEncodings = 0;
			knownRegions = (
				en,
				Base,
			);
			mainGroup = 1E8824EB29A6F39800E4374F;
			productRefGroup = 1E8824F529A6F39800E4374F /* Products */;
			projectDirPath = "";
			projectRoot = "";
			targets = (
				1E8824F329A6F39800E4374F /* wanted */,
				1E88250C29A6F39B00E4374F /* wantedTests */,
				1E88251629A6F39B00E4374F /* wantedUITests */,
			);
		};
/* End PBXProject section */

/* Begin PBXResourcesBuildPhase section */
		1E8824F229A6F39800E4374F /* Resources */ = {
			isa = PBXResourcesBuildPhase;
			buildActionMask = 2147483647;
			files = (
				1E88250729A6F39B00E4374F /* LaunchScreen.storyboard in Resources */,
				1E88250429A6F39B00E4374F /* Assets.xcassets in Resources */,
				1E8824FF29A6F39800E4374F /* Main.storyboard in Resources */,
			);
			runOnlyForDeploymentPostprocessing = 0;
		};
		1E88250B29A6F39B00E4374F /* Resources */ = {
			isa = PBXResourcesBuildPhase;
			buildActionMask = 2147483647;
			files = (
			);
			runOnlyForDeploymentPostprocessing = 0;
		};
		1E88251529A6F39B00E4374F /* Resources */ = {
			isa = PBXResourcesBuildPhase;
			buildActionMask = 2147483647;
			files = (
			);
			runOnlyForDeploymentPostprocessing = 0;
		};
/* End PBXResourcesBuildPhase section */

/* Begin PBXSourcesBuildPhase section */
		1E8824F029A6F39800E4374F /* Sources */ = {
			isa = PBXSourcesBuildPhase;
			buildActionMask = 2147483647;
			files = (
				1E88252B29A6F99F00E4374F /* Component.swift in Sources */,
				1E88252D29A749B400E4374F /* LoadButton.swift in Sources */,
				1E8824FC29A6F39800E4374F /* ViewController.swift in Sources */,
				1E8824F829A6F39800E4374F /* AppDelegate.swift in Sources */,
				1E88250229A6F39800E4374F /* wanted.xcdatamodeld in Sources */,
				1E8824FA29A6F39800E4374F /* SceneDelegate.swift in Sources */,
			);
			runOnlyForDeploymentPostprocessing = 0;
		};
		1E88250929A6F39B00E4374F /* Sources */ = {
			isa = PBXSourcesBuildPhase;
			buildActionMask = 2147483647;
			files = (
				1E88251229A6F39B00E4374F /* wantedTests.swift in Sources */,
			);
			runOnlyForDeploymentPostprocessing = 0;
		};
		1E88251329A6F39B00E4374F /* Sources */ = {
			isa = PBXSourcesBuildPhase;
			buildActionMask = 2147483647;
			files = (
				1E88251C29A6F39B00E4374F /* wantedUITests.swift in Sources */,
				1E88251E29A6F39B00E4374F /* wantedUITestsLaunchTests.swift in Sources */,
			);
			runOnlyForDeploymentPostprocessing = 0;
		};
/* End PBXSourcesBuildPhase section */

/* Begin PBXTargetDependency section */
		1E88250F29A6F39B00E4374F /* PBXTargetDependency */ = {
			isa = PBXTargetDependency;
			target = 1E8824F329A6F39800E4374F /* wanted */;
			targetProxy = 1E88250E29A6F39B00E4374F /* PBXContainerItemProxy */;
		};
		1E88251929A6F39B00E4374F /* PBXTargetDependency */ = {
			isa = PBXTargetDependency;
			target = 1E8824F329A6F39800E4374F /* wanted */;
			targetProxy = 1E88251829A6F39B00E4374F /* PBXContainerItemProxy */;
		};
/* End PBXTargetDependency section */

/* Begin PBXVariantGroup section */
		1E8824FD29A6F39800E4374F /* Main.storyboard */ = {
			isa = PBXVariantGroup;
			children = (
				1E8824FE29A6F39800E4374F /* Base */,
			);
			name = Main.storyboard;
			sourceTree = "<group>";
		};
		1E88250529A6F39B00E4374F /* LaunchScreen.storyboard */ = {
			isa = PBXVariantGroup;
			children = (
				1E88250629A6F39B00E4374F /* Base */,
			);
			name = LaunchScreen.storyboard;
			sourceTree = "<group>";
		};
/* End PBXVariantGroup section */

/* Begin XCBuildConfiguration section */
		1E88251F29A6F39B00E4374F /* Debug */ = {
			isa = XCBuildConfiguration;
			buildSettings = {
				ALWAYS_SEARCH_USER_PATHS = NO;
				CLANG_ANALYZER_NONNULL = YES;
				CLANG_ANALYZER_NUMBER_OBJECT_CONVERSION = YES_AGGRESSIVE;
				CLANG_CXX_LANGUAGE_STANDARD = "gnu++20";
				CLANG_ENABLE_MODULES = YES;
				CLANG_ENABLE_OBJC_ARC = YES;
				CLANG_ENABLE_OBJC_WEAK = YES;
				CLANG_WARN_BLOCK_CAPTURE_AUTORELEASING = YES;
				CLANG_WARN_BOOL_CONVERSION = YES;
				CLANG_WARN_COMMA = YES;
				CLANG_WARN_CONSTANT_CONVERSION = YES;
				CLANG_WARN_DEPRECATED_OBJC_IMPLEMENTATIONS = YES;
				CLANG_WARN_DIRECT_OBJC_ISA_USAGE = YES_ERROR;
				CLANG_WARN_DOCUMENTATION_COMMENTS = YES;
				CLANG_WARN_EMPTY_BODY = YES;
				CLANG_WARN_ENUM_CONVERSION = YES;
				CLANG_WARN_INFINITE_RECURSION = YES;
				CLANG_WARN_INT_CONVERSION = YES;
				CLANG_WARN_NON_LITERAL_NULL_CONVERSION = YES;
				CLANG_WARN_OBJC_IMPLICIT_RETAIN_SELF = YES;
				CLANG_WARN_OBJC_LITERAL_CONVERSION = YES;
				CLANG_WARN_OBJC_ROOT_CLASS = YES_ERROR;
				CLANG_WARN_QUOTED_INCLUDE_IN_FRAMEWORK_HEADER = YES;
				CLANG_WARN_RANGE_LOOP_ANALYSIS = YES;
				CLANG_WARN_STRICT_PROTOTYPES = YES;
				CLANG_WARN_SUSPICIOUS_MOVE = YES;
				CLANG_WARN_UNGUARDED_AVAILABILITY = YES_AGGRESSIVE;
				CLANG_WARN_UNREACHABLE_CODE = YES;
				CLANG_WARN__DUPLICATE_METHOD_MATCH = YES;
				COPY_PHASE_STRIP = NO;
				DEBUG_INFORMATION_FORMAT = dwarf;
				ENABLE_STRICT_OBJC_MSGSEND = YES;
				ENABLE_TESTABILITY = YES;
				GCC_C_LANGUAGE_STANDARD = gnu11;
				GCC_DYNAMIC_NO_PIC = NO;
				GCC_NO_COMMON_BLOCKS = YES;
				GCC_OPTIMIZATION_LEVEL = 0;
				GCC_PREPROCESSOR_DEFINITIONS = (
					"DEBUG=1",
					"$(inherited)",
				);
				GCC_WARN_64_TO_32_BIT_CONVERSION = YES;
				GCC_WARN_ABOUT_RETURN_TYPE = YES_ERROR;
				GCC_WARN_UNDECLARED_SELECTOR = YES;
				GCC_WARN_UNINITIALIZED_AUTOS = YES_AGGRESSIVE;
				GCC_WARN_UNUSED_FUNCTION = YES;
				GCC_WARN_UNUSED_VARIABLE = YES;
				IPHONEOS_DEPLOYMENT_TARGET = 16.2;
				MTL_ENABLE_DEBUG_INFO = INCLUDE_SOURCE;
				MTL_FAST_MATH = YES;
				ONLY_ACTIVE_ARCH = YES;
				SDKROOT = iphoneos;
				SWIFT_ACTIVE_COMPILATION_CONDITIONS = DEBUG;
				SWIFT_OPTIMIZATION_LEVEL = "-Onone";
			};
			name = Debug;
		};
		1E88252029A6F39B00E4374F /* Release */ = {
			isa = XCBuildConfiguration;
			buildSettings = {
				ALWAYS_SEARCH_USER_PATHS = NO;
				CLANG_ANALYZER_NONNULL = YES;
				CLANG_ANALYZER_NUMBER_OBJECT_CONVERSION = YES_AGGRESSIVE;
				CLANG_CXX_LANGUAGE_STANDARD = "gnu++20";
				CLANG_ENABLE_MODULES = YES;
				CLANG_ENABLE_OBJC_ARC = YES;
				CLANG_ENABLE_OBJC_WEAK = YES;
				CLANG_WARN_BLOCK_CAPTURE_AUTORELEASING = YES;
				CLANG_WARN_BOOL_CONVERSION = YES;
				CLANG_WARN_COMMA = YES;
				CLANG_WARN_CONSTANT_CONVERSION = YES;
				CLANG_WARN_DEPRECATED_OBJC_IMPLEMENTATIONS = YES;
				CLANG_WARN_DIRECT_OBJC_ISA_USAGE = YES_ERROR;
				CLANG_WARN_DOCUMENTATION_COMMENTS = YES;
				CLANG_WARN_EMPTY_BODY = YES;
				CLANG_WARN_ENUM_CONVERSION = YES;
				CLANG_WARN_INFINITE_RECURSION = YES;
				CLANG_WARN_INT_CONVERSION = YES;
				CLANG_WARN_NON_LITERAL_NULL_CONVERSION = YES;
				CLANG_WARN_OBJC_IMPLICIT_RETAIN_SELF = YES;
				CLANG_WARN_OBJC_LITERAL_CONVERSION = YES;
				CLANG_WARN_OBJC_ROOT_CLASS = YES_ERROR;
				CLANG_WARN_QUOTED_INCLUDE_IN_FRAMEWORK_HEADER = YES;
				CLANG_WARN_RANGE_LOOP_ANALYSIS = YES;
				CLANG_WARN_STRICT_PROTOTYPES = YES;
				CLANG_WARN_SUSPICIOUS_MOVE = YES;
				CLANG_WARN_UNGUARDED_AVAILABILITY = YES_AGGRESSIVE;
				CLANG_WARN_UNREACHABLE_CODE = YES;
				CLANG_WARN__DUPLICATE_METHOD_MATCH = YES;
				COPY_PHASE_STRIP = NO;
				DEBUG_INFORMATION_FORMAT = "dwarf-with-dsym";
				ENABLE_NS_ASSERTIONS = NO;
				ENABLE_STRICT_OBJC_MSGSEND = YES;
				GCC_C_LANGUAGE_STANDARD = gnu11;
				GCC_NO_COMMON_BLOCKS = YES;
				GCC_WARN_64_TO_32_BIT_CONVERSION = YES;
				GCC_WARN_ABOUT_RETURN_TYPE = YES_ERROR;
				GCC_WARN_UNDECLARED_SELECTOR = YES;
				GCC_WARN_UNINITIALIZED_AUTOS = YES_AGGRESSIVE;
				GCC_WARN_UNUSED_FUNCTION = YES;
				GCC_WARN_UNUSED_VARIABLE = YES;
				IPHONEOS_DEPLOYMENT_TARGET = 16.2;
				MTL_ENABLE_DEBUG_INFO = NO;
				MTL_FAST_MATH = YES;
				SDKROOT = iphoneos;
				SWIFT_COMPILATION_MODE = wholemodule;
				SWIFT_OPTIMIZATION_LEVEL = "-O";
				VALIDATE_PRODUCT = YES;
			};
			name = Release;
		};
		1E88252229A6F39B00E4374F /* Debug */ = {
			isa = XCBuildConfiguration;
			buildSettings = {
				ASSETCATALOG_COMPILER_APPICON_NAME = AppIcon;
				ASSETCATALOG_COMPILER_GLOBAL_ACCENT_COLOR_NAME = AccentColor;
				CODE_SIGN_STYLE = Automatic;
				CURRENT_PROJECT_VERSION = 1;
				DEVELOPMENT_TEAM = QCV7RG73DZ;
				GENERATE_INFOPLIST_FILE = YES;
				INFOPLIST_FILE = wanted/Info.plist;
				INFOPLIST_KEY_UIApplicationSupportsIndirectInputEvents = YES;
				INFOPLIST_KEY_UILaunchStoryboardName = LaunchScreen;
				INFOPLIST_KEY_UIMainStoryboardFile = Main;
				INFOPLIST_KEY_UISupportedInterfaceOrientations_iPad = "UIInterfaceOrientationPortrait UIInterfaceOrientationPortraitUpsideDown UIInterfaceOrientationLandscapeLeft UIInterfaceOrientationLandscapeRight";
				INFOPLIST_KEY_UISupportedInterfaceOrientations_iPhone = "UIInterfaceOrientationPortrait UIInterfaceOrientationLandscapeLeft UIInterfaceOrientationLandscapeRight";
				LD_RUNPATH_SEARCH_PATHS = (
					"$(inherited)",
					"@executable_path/Frameworks",
				);
				MARKETING_VERSION = 1.0;
				PRODUCT_BUNDLE_IDENTIFIER = kr.potatodevs.wanted;
				PRODUCT_NAME = "$(TARGET_NAME)";
				SWIFT_EMIT_LOC_STRINGS = YES;
				SWIFT_VERSION = 5.0;
				TARGETED_DEVICE_FAMILY = "1,2";
			};
			name = Debug;
		};
		1E88252329A6F39B00E4374F /* Release */ = {
			isa = XCBuildConfiguration;
			buildSettings = {
				ASSETCATALOG_COMPILER_APPICON_NAME = AppIcon;
				ASSETCATALOG_COMPILER_GLOBAL_ACCENT_COLOR_NAME = AccentColor;
				CODE_SIGN_STYLE = Automatic;
				CURRENT_PROJECT_VERSION = 1;
				DEVELOPMENT_TEAM = QCV7RG73DZ;
				GENERATE_INFOPLIST_FILE = YES;
				INFOPLIST_FILE = wanted/Info.plist;
				INFOPLIST_KEY_UIApplicationSupportsIndirectInputEvents = YES;
				INFOPLIST_KEY_UILaunchStoryboardName = LaunchScreen;
				INFOPLIST_KEY_UIMainStoryboardFile = Main;
				INFOPLIST_KEY_UISupportedInterfaceOrientations_iPad = "UIInterfaceOrientationPortrait UIInterfaceOrientationPortraitUpsideDown UIInterfaceOrientationLandscapeLeft UIInterfaceOrientationLandscapeRight";
				INFOPLIST_KEY_UISupportedInterfaceOrientations_iPhone = "UIInterfaceOrientationPortrait UIInterfaceOrientationLandscapeLeft UIInterfaceOrientationLandscapeRight";
				LD_RUNPATH_SEARCH_PATHS = (
					"$(inherited)",
					"@executable_path/Frameworks",
				);
				MARKETING_VERSION = 1.0;
				PRODUCT_BUNDLE_IDENTIFIER = kr.potatodevs.wanted;
				PRODUCT_NAME = "$(TARGET_NAME)";
				SWIFT_EMIT_LOC_STRINGS = YES;
				SWIFT_VERSION = 5.0;
				TARGETED_DEVICE_FAMILY = "1,2";
			};
			name = Release;
		};
		1E88252529A6F39B00E4374F /* Debug */ = {
			isa = XCBuildConfiguration;
			buildSettings = {
				ALWAYS_EMBED_SWIFT_STANDARD_LIBRARIES = YES;
				BUNDLE_LOADER = "$(TEST_HOST)";
				CODE_SIGN_STYLE = Automatic;
				CURRENT_PROJECT_VERSION = 1;
				DEVELOPMENT_TEAM = QCV7RG73DZ;
				GENERATE_INFOPLIST_FILE = YES;
				IPHONEOS_DEPLOYMENT_TARGET = 16.2;
				MARKETING_VERSION = 1.0;
				PRODUCT_BUNDLE_IDENTIFIER = kr.potatodevs.wantedTests;
				PRODUCT_NAME = "$(TARGET_NAME)";
				SWIFT_EMIT_LOC_STRINGS = NO;
				SWIFT_VERSION = 5.0;
				TARGETED_DEVICE_FAMILY = "1,2";
				TEST_HOST = "$(BUILT_PRODUCTS_DIR)/wanted.app/$(BUNDLE_EXECUTABLE_FOLDER_PATH)/wanted";
			};
			name = Debug;
		};
		1E88252629A6F39B00E4374F /* Release */ = {
			isa = XCBuildConfiguration;
			buildSettings = {
				ALWAYS_EMBED_SWIFT_STANDARD_LIBRARIES = YES;
				BUNDLE_LOADER = "$(TEST_HOST)";
				CODE_SIGN_STYLE = Automatic;
				CURRENT_PROJECT_VERSION = 1;
				DEVELOPMENT_TEAM = QCV7RG73DZ;
				GENERATE_INFOPLIST_FILE = YES;
				IPHONEOS_DEPLOYMENT_TARGET = 16.2;
				MARKETING_VERSION = 1.0;
				PRODUCT_BUNDLE_IDENTIFIER = kr.potatodevs.wantedTests;
				PRODUCT_NAME = "$(TARGET_NAME)";
				SWIFT_EMIT_LOC_STRINGS = NO;
				SWIFT_VERSION = 5.0;
				TARGETED_DEVICE_FAMILY = "1,2";
				TEST_HOST = "$(BUILT_PRODUCTS_DIR)/wanted.app/$(BUNDLE_EXECUTABLE_FOLDER_PATH)/wanted";
			};
			name = Release;
		};
		1E88252829A6F39B00E4374F /* Debug */ = {
			isa = XCBuildConfiguration;
			buildSettings = {
				ALWAYS_EMBED_SWIFT_STANDARD_LIBRARIES = YES;
				CODE_SIGN_STYLE = Automatic;
				CURRENT_PROJECT_VERSION = 1;
				DEVELOPMENT_TEAM = QCV7RG73DZ;
				GENERATE_INFOPLIST_FILE = YES;
				MARKETING_VERSION = 1.0;
				PRODUCT_BUNDLE_IDENTIFIER = kr.potatodevs.wantedUITests;
				PRODUCT_NAME = "$(TARGET_NAME)";
				SWIFT_EMIT_LOC_STRINGS = NO;
				SWIFT_VERSION = 5.0;
				TARGETED_DEVICE_FAMILY = "1,2";
				TEST_TARGET_NAME = wanted;
			};
			name = Debug;
		};
		1E88252929A6F39B00E4374F /* Release */ = {
			isa = XCBuildConfiguration;
			buildSettings = {
				ALWAYS_EMBED_SWIFT_STANDARD_LIBRARIES = YES;
				CODE_SIGN_STYLE = Automatic;
				CURRENT_PROJECT_VERSION = 1;
				DEVELOPMENT_TEAM = QCV7RG73DZ;
				GENERATE_INFOPLIST_FILE = YES;
				MARKETING_VERSION = 1.0;
				PRODUCT_BUNDLE_IDENTIFIER = kr.potatodevs.wantedUITests;
				PRODUCT_NAME = "$(TARGET_NAME)";
				SWIFT_EMIT_LOC_STRINGS = NO;
				SWIFT_VERSION = 5.0;
				TARGETED_DEVICE_FAMILY = "1,2";
				TEST_TARGET_NAME = wanted;
			};
			name = Release;
		};
/* End XCBuildConfiguration section */

/* Begin XCConfigurationList section */
		1E8824EF29A6F39800E4374F /* Build configuration list for PBXProject "wanted" */ = {
			isa = XCConfigurationList;
			buildConfigurations = (
				1E88251F29A6F39B00E4374F /* Debug */,
				1E88252029A6F39B00E4374F /* Release */,
			);
			defaultConfigurationIsVisible = 0;
			defaultConfigurationName = Release;
		};
		1E88252129A6F39B00E4374F /* Build configuration list for PBXNativeTarget "wanted" */ = {
			isa = XCConfigurationList;
			buildConfigurations = (
				1E88252229A6F39B00E4374F /* Debug */,
				1E88252329A6F39B00E4374F /* Release */,
			);
			defaultConfigurationIsVisible = 0;
			defaultConfigurationName = Release;
		};
		1E88252429A6F39B00E4374F /* Build configuration list for PBXNativeTarget "wantedTests" */ = {
			isa = XCConfigurationList;
			buildConfigurations = (
				1E88252529A6F39B00E4374F /* Debug */,
				1E88252629A6F39B00E4374F /* Release */,
			);
			defaultConfigurationIsVisible = 0;
			defaultConfigurationName = Release;
		};
		1E88252729A6F39B00E4374F /* Build configuration list for PBXNativeTarget "wantedUITests" */ = {
			isa = XCConfigurationList;
			buildConfigurations = (
				1E88252829A6F39B00E4374F /* Debug */,
				1E88252929A6F39B00E4374F /* Release */,
			);
			defaultConfigurationIsVisible = 0;
			defaultConfigurationName = Release;
		};
/* End XCConfigurationList section */

/* Begin XCVersionGroup section */
		1E88250029A6F39800E4374F /* wanted.xcdatamodeld */ = {
			isa = XCVersionGroup;
			children = (
				1E88250129A6F39800E4374F /* wanted.xcdatamodel */,
			);
			currentVersion = 1E88250129A6F39800E4374F /* wanted.xcdatamodel */;
			path = wanted.xcdatamodeld;
			sourceTree = "<group>";
			versionGroupType = wrapper.xcdatamodel;
		};
/* End XCVersionGroup section */
	};
	rootObject = 1E8824EC29A6F39800E4374F /* Project object */;
}
